
Microsoft Visual Studio Solution File, Format Version 12.00
# Visual Studio Version 16
VisualStudioVersion = 16.0.31205.134
MinimumVisualStudioVersion = 10.0.40219.1
Project("{FAE04EC0-301F-11D3-BF4B-00C04F79EFBC}") = "IdentityApp", "IdentityApp\IdentityApp.csproj", "{256B8B9E-5AE4-42F4-AD56-F27BE160AF50}"
EndProject
Global
	GlobalSection(SolutionConfigurationPlatforms) = preSolution
		Debug|Any CPU = Debug|Any CPU
		Release|Any CPU = Release|Any CPU
	EndGlobalSection
	GlobalSection(ProjectConfigurationPlatforms) = postSolution
		{256B8B9E-5AE4-42F4-AD56-F27BE160AF50}.Debug|Any CPU.ActiveCfg = Debug|Any CPU
		{256B8B9E-5AE4-42F4-AD56-F27BE160AF50}.Debug|Any CPU.Build.0 = Debug|Any CPU
		{256B8B9E-5AE4-42F4-AD56-F27BE160AF50}.Release|Any CPU.ActiveCfg = Release|Any CPU
		{256B8B9E-5AE4-42F4-AD56-F27BE160AF50}.Release|Any CPU.Build.0 = Release|Any CPU
	EndGlobalSection
	GlobalSection(SolutionProperties) = preSolution
		HideSolutionNode = FALSE
	EndGlobalSection
	GlobalSection(ExtensibilityGlobals) = postSolution
		SolutionGuid = {40475BB3-443B-46F6-8CA9-3A39226955F3}
	EndGlobalSection
EndGlobal
